
Microsoft Visual Studio Solution File, Format Version 12.00
# Visual Studio Version 17
VisualStudioVersion = 17.7.34031.279
MinimumVisualStudioVersion = 10.0.40219.1
Project("{9A19103F-16F7-4668-BE54-9A1E7A4F7556}") = "Lesson1", "Lesson1\Lesson1.csproj", "{003CB2A3-AA2C-496E-B432-508D389926CD}"
EndProject
Project("{FAE04EC0-301F-11D3-BF4B-00C04F79EFBC}") = "task2", "task2\task2.csproj", "{63B100DE-1E8F-48E7-82AA-1ADCA6E35F07}"
EndProject
Global
	GlobalSection(SolutionConfigurationPlatforms) = preSolution
		Debug|Any CPU = Debug|Any CPU
		Release|Any CPU = Release|Any CPU
	EndGlobalSection
	GlobalSection(ProjectConfigurationPlatforms) = postSolution
		{003CB2A3-AA2C-496E-B432-508D389926CD}.Debug|Any CPU.ActiveCfg = Debug|Any CPU
		{003CB2A3-AA2C-496E-B432-508D389926CD}.Debug|Any CPU.Build.0 = Debug|Any CPU
		{003CB2A3-AA2C-496E-B432-508D389926CD}.Release|Any CPU.ActiveCfg = Release|Any CPU
		{003CB2A3-AA2C-496E-B432-508D389926CD}.Release|Any CPU.Build.0 = Release|Any CPU
		{63B100DE-1E8F-48E7-82AA-1ADCA6E35F07}.Debug|Any CPU.ActiveCfg = Debug|Any CPU
		{63B100DE-1E8F-48E7-82AA-1ADCA6E35F07}.Debug|Any CPU.Build.0 = Debug|Any CPU
		{63B100DE-1E8F-48E7-82AA-1ADCA6E35F07}.Release|Any CPU.ActiveCfg = Release|Any CPU
		{63B100DE-1E8F-48E7-82AA-1ADCA6E35F07}.Release|Any CPU.Build.0 = Release|Any CPU
	EndGlobalSection
	GlobalSection(SolutionProperties) = preSolution
		HideSolutionNode = FALSE
	EndGlobalSection
	GlobalSection(ExtensibilityGlobals) = postSolution
		SolutionGuid = {300245C1-1153-4BE5-91D3-710415C1CA84}
	EndGlobalSection
EndGlobal
